
Microsoft Visual Studio Solution File, Format Version 12.00
# Visual Studio Version 16
VisualStudioVersion = 16.0.29613.14
MinimumVisualStudioVersion = 10.0.40219.1
Project("{FAE04EC0-301F-11D3-BF4B-00C04F79EFBC}") = "MethodExercise", "MethodExercise\MethodExercise.csproj", "{00D530E8-E0ED-4334-937C-100B07062503}"
EndProject
Global
	GlobalSection(SolutionConfigurationPlatforms) = preSolution
		Debug|Any CPU = Debug|Any CPU
		Release|Any CPU = Release|Any CPU
	EndGlobalSection
	GlobalSection(ProjectConfigurationPlatforms) = postSolution
		{00D530E8-E0ED-4334-937C-100B07062503}.Debug|Any CPU.ActiveCfg = Debug|Any CPU
		{00D530E8-E0ED-4334-937C-100B07062503}.Debug|Any CPU.Build.0 = Debug|Any CPU
		{00D530E8-E0ED-4334-937C-100B07062503}.Release|Any CPU.ActiveCfg = Release|Any CPU
		{00D530E8-E0ED-4334-937C-100B07062503}.Release|Any CPU.Build.0 = Release|Any CPU
	EndGlobalSection
	GlobalSection(SolutionProperties) = preSolution
		HideSolutionNode = FALSE
	EndGlobalSection
	GlobalSection(ExtensibilityGlobals) = postSolution
		SolutionGuid = {FA7C5166-1B6D-4840-BDF5-93B5D9C9E93D}
	EndGlobalSection
EndGlobal
